
Microsoft Visual Studio Solution File, Format Version 12.00
# Visual Studio Version 16
VisualStudioVersion = 16.0.29123.88
MinimumVisualStudioVersion = 10.0.40219.1
Project("{9A19103F-16F7-4668-BE54-9A1E7A4F7556}") = "Cashier", "Cashier\Cashier.csproj", "{E87F7929-11AF-4EDA-926C-6C58B479FD19}"
EndProject
Project("{2150E333-8FDC-42A3-9474-1A3956D46DE8}") = "Solution Items", "Solution Items", "{3F31C820-F83F-47D4-8E52-1FC20EDA28A1}"
	ProjectSection(SolutionItems) = preProject
		.dockerignore = .dockerignore
		.gitattributes = .gitattributes
		.gitignore = .gitignore
		Jenkinsfile = Jenkinsfile
		README.MD = README.MD
	EndProjectSection
EndProject
Project("{9A19103F-16F7-4668-BE54-9A1E7A4F7556}") = "Cashier.Tests", "Cashier.Tests\Cashier.Tests.csproj", "{975E7594-00D1-4759-AC4B-24D62E9CD38E}"
EndProject
Global
	GlobalSection(SolutionConfigurationPlatforms) = preSolution
		Debug|Any CPU = Debug|Any CPU
		Release|Any CPU = Release|Any CPU
	EndGlobalSection
	GlobalSection(ProjectConfigurationPlatforms) = postSolution
		{E87F7929-11AF-4EDA-926C-6C58B479FD19}.Debug|Any CPU.ActiveCfg = Debug|Any CPU
		{E87F7929-11AF-4EDA-926C-6C58B479FD19}.Debug|Any CPU.Build.0 = Debug|Any CPU
		{E87F7929-11AF-4EDA-926C-6C58B479FD19}.Release|Any CPU.ActiveCfg = Release|Any CPU
		{E87F7929-11AF-4EDA-926C-6C58B479FD19}.Release|Any CPU.Build.0 = Release|Any CPU
		{975E7594-00D1-4759-AC4B-24D62E9CD38E}.Debug|Any CPU.ActiveCfg = Debug|Any CPU
		{975E7594-00D1-4759-AC4B-24D62E9CD38E}.Debug|Any CPU.Build.0 = Debug|Any CPU
		{975E7594-00D1-4759-AC4B-24D62E9CD38E}.Release|Any CPU.ActiveCfg = Release|Any CPU
		{975E7594-00D1-4759-AC4B-24D62E9CD38E}.Release|Any CPU.Build.0 = Release|Any CPU
	EndGlobalSection
	GlobalSection(SolutionProperties) = preSolution
		HideSolutionNode = FALSE
	EndGlobalSection
	GlobalSection(ExtensibilityGlobals) = postSolution
		SolutionGuid = {3795CD51-9AF3-45DD-BD43-9603CB48B7E3}
	EndGlobalSection
EndGlobal
